
Microsoft Visual Studio Solution File, Format Version 12.00
# Visual Studio 15
VisualStudioVersion = 15.0.28307.136
MinimumVisualStudioVersion = 10.0.40219.1
Project("{9A19103F-16F7-4668-BE54-9A1E7A4F7556}") = "H3", "H3\H3.csproj", "{18602BA6-57AC-40E2-83EA-897793987548}"
EndProject
Project("{9A19103F-16F7-4668-BE54-9A1E7A4F7556}") = "H3Test", "H3Test\H3Test.csproj", "{A839B444-B7ED-4B57-98A0-988291D8E91B}"
EndProject
Global
	GlobalSection(SolutionConfigurationPlatforms) = preSolution
		Debug|Any CPU = Debug|Any CPU
		Release|Any CPU = Release|Any CPU
	EndGlobalSection
	GlobalSection(ProjectConfigurationPlatforms) = postSolution
		{18602BA6-57AC-40E2-83EA-897793987548}.Debug|Any CPU.ActiveCfg = Debug|Any CPU
		{18602BA6-57AC-40E2-83EA-897793987548}.Debug|Any CPU.Build.0 = Debug|Any CPU
		{18602BA6-57AC-40E2-83EA-897793987548}.Release|Any CPU.ActiveCfg = Release|Any CPU
		{18602BA6-57AC-40E2-83EA-897793987548}.Release|Any CPU.Build.0 = Release|Any CPU
		{A839B444-B7ED-4B57-98A0-988291D8E91B}.Debug|Any CPU.ActiveCfg = Debug|Any CPU
		{A839B444-B7ED-4B57-98A0-988291D8E91B}.Debug|Any CPU.Build.0 = Debug|Any CPU
		{A839B444-B7ED-4B57-98A0-988291D8E91B}.Release|Any CPU.ActiveCfg = Release|Any CPU
		{A839B444-B7ED-4B57-98A0-988291D8E91B}.Release|Any CPU.Build.0 = Release|Any CPU
	EndGlobalSection
	GlobalSection(SolutionProperties) = preSolution
		HideSolutionNode = FALSE
	EndGlobalSection
	GlobalSection(ExtensibilityGlobals) = postSolution
		SolutionGuid = {3CB10603-70DE-4D3B-9F89-8C02F106100E}
	EndGlobalSection
EndGlobal
